
Microsoft Visual Studio Solution File, Format Version 12.00
# Visual Studio Version 17
VisualStudioVersion = 17.8.34322.80
MinimumVisualStudioVersion = 10.0.40219.1
Project("{FAE04EC0-301F-11D3-BF4B-00C04F79EFBC}") = "Team54", "WebApplication2\Team54.csproj", "{EDFFECBD-D68E-4D86-A633-1A2D2B4850BA}"
EndProject
Global
	GlobalSection(SolutionConfigurationPlatforms) = preSolution
		Debug|Any CPU = Debug|Any CPU
		Release|Any CPU = Release|Any CPU
	EndGlobalSection
	GlobalSection(ProjectConfigurationPlatforms) = postSolution
		{EDFFECBD-D68E-4D86-A633-1A2D2B4850BA}.Debug|Any CPU.ActiveCfg = Debug|Any CPU
		{EDFFECBD-D68E-4D86-A633-1A2D2B4850BA}.Debug|Any CPU.Build.0 = Debug|Any CPU
		{EDFFECBD-D68E-4D86-A633-1A2D2B4850BA}.Release|Any CPU.ActiveCfg = Release|Any CPU
		{EDFFECBD-D68E-4D86-A633-1A2D2B4850BA}.Release|Any CPU.Build.0 = Release|Any CPU
	EndGlobalSection
	GlobalSection(SolutionProperties) = preSolution
		HideSolutionNode = FALSE
	EndGlobalSection
	GlobalSection(ExtensibilityGlobals) = postSolution
		SolutionGuid = {DF498B51-8C81-423D-A2B6-D779837DEB6E}
	EndGlobalSection
EndGlobal
